{
  "name": "nor.the-rn.info",
  "lockfileVersion": 3,
  "requires": true,
  "packages": {
    "": {
      "dependencies": {
        "@tyleretters/discography": "^1.0.1"
      }
    },
    "node_modules/@tyleretters/discography": {
      "version": "1.0.1",
      "resolved": "https://registry.npmjs.org/@tyleretters/discography/-/discography-1.0.1.tgz",
      "integrity": "sha512-nHD8FQiUZFribif22ZvrrNZHlscirgIILYIZrxoFYXKgptzDbuZUjFnv/oyanBUEm3/mBq6r/FdxTVHmyh9Hlw=="
    }
  }
}
