{
  "name": "nor.the-rn.info",
  "lockfileVersion": 3,
  "requires": true,
  "packages": {
    "": {
      "dependencies": {
        "@tyleretters/discography": "^1.0.3"
      }
    },
    "node_modules/@tyleretters/discography": {
      "version": "1.0.3",
      "resolved": "https://registry.npmjs.org/@tyleretters/discography/-/discography-1.0.3.tgz",
      "integrity": "sha512-fgegzGC7JVryXAhTOxrqHTj97LS8pWq85P6NSi2e1Bcz13WM8Hk9clZXpBOpmIRC+JdgVF2qTS1Ouxt3MdTYaw=="
    }
  }
}
