{
  "name": "nor.the-rn.info",
  "lockfileVersion": 3,
  "requires": true,
  "packages": {
    "": {
      "dependencies": {
        "@tyleretters/discography": "^1.0.0"
      }
    },
    "node_modules/@tyleretters/discography": {
      "version": "1.0.0",
      "resolved": "https://registry.npmjs.org/@tyleretters/discography/-/discography-1.0.0.tgz",
      "integrity": "sha512-YIYcUQfa3bB+pEjdzj3cH4UQRmfeuzBbbPKHaqFZ5plLLJyDkO7dBMaxzSO0iF2cmiTYZL5ob3wL/afI+qaPIA=="
    }
  }
}
